
Microsoft Visual Studio Solution File, Format Version 12.00
# Visual Studio 15
VisualStudioVersion = 15.0.28307.489
MinimumVisualStudioVersion = 10.0.40219.1
Project("{8BC9CEB8-8B4A-11D0-8D11-00A0C91BC942}") = "RIS", "RIS\RIS.vcxproj", "{C056D5A8-08CE-49F8-83AA-EECFB30D99DC}"
EndProject
Global
	GlobalSection(SolutionConfigurationPlatforms) = preSolution
		Debug|x64 = Debug|x64
		Debug|x86 = Debug|x86
		Release|x64 = Release|x64
		Release|x86 = Release|x86
	EndGlobalSection
	GlobalSection(ProjectConfigurationPlatforms) = postSolution
		{C056D5A8-08CE-49F8-83AA-EECFB30D99DC}.Debug|x64.ActiveCfg = Debug|x64
		{C056D5A8-08CE-49F8-83AA-EECFB30D99DC}.Debug|x64.Build.0 = Debug|x64
		{C056D5A8-08CE-49F8-83AA-EECFB30D99DC}.Debug|x86.ActiveCfg = Debug|Win32
		{C056D5A8-08CE-49F8-83AA-EECFB30D99DC}.Debug|x86.Build.0 = Debug|Win32
		{C056D5A8-08CE-49F8-83AA-EECFB30D99DC}.Release|x64.ActiveCfg = Release|x64
		{C056D5A8-08CE-49F8-83AA-EECFB30D99DC}.Release|x64.Build.0 = Release|x64
		{C056D5A8-08CE-49F8-83AA-EECFB30D99DC}.Release|x86.ActiveCfg = Release|Win32
		{C056D5A8-08CE-49F8-83AA-EECFB30D99DC}.Release|x86.Build.0 = Release|Win32
	EndGlobalSection
	GlobalSection(SolutionProperties) = preSolution
		HideSolutionNode = FALSE
	EndGlobalSection
	GlobalSection(ExtensibilityGlobals) = postSolution
		SolutionGuid = {8DD1E2EA-1FF1-4E77-B25F-B61EE4D027EE}
	EndGlobalSection
EndGlobal
